
Microsoft Visual Studio Solution File, Format Version 12.00
# Visual Studio 15
VisualStudioVersion = 15.0.28307.1169
MinimumVisualStudioVersion = 10.0.40219.1
Project("{D2ABAB84-BF74-430A-B69E-9DC6D40DDA17}") = "ist722_caharper_ob4(IST-CS-DW1)", "<Server=ist-cs-dw1.ad.syr.edu;Database=ist722_caharper_ob4;>", "{F276E9B0-1929-4593-B2E9-3F126A5DED68}"
EndProject
Global
	GlobalSection(SolutionConfigurationPlatforms) = preSolution
		Development|Default = Development|Default
	EndGlobalSection
	GlobalSection(ProjectConfigurationPlatforms) = postSolution
		{F276E9B0-1929-4593-B2E9-3F126A5DED68}.Development|Default.ActiveCfg = Development
	EndGlobalSection
	GlobalSection(SolutionProperties) = preSolution
		HideSolutionNode = FALSE
	EndGlobalSection
	GlobalSection(ExtensibilityGlobals) = postSolution
		SolutionGuid = {A27E6E02-3294-4910-8BB8-B8CA3664DA02}
	EndGlobalSection
EndGlobal
